{
  "version": 4,
  "terraform_version": "1.1.6",
  "serial": 26,
  "lineage": "e1d00d6e-377d-841f-d6fa-e083d4b4d748",
  "outputs": {},
  "resources": [
    {
      "mode": "data",
      "type": "azurerm_client_config",
      "name": "current",
      "provider": "provider[\"registry.terraform.io/hashicorp/azurerm\"]",
      "instances": [
        {
          "schema_version": 0,
          "attributes": {
            "client_id": "04b07795-8ddb-461a-bbee-02f9e1bf7b46",
            "id": "2022-02-23 21:40:54.37406 +0000 UTC",
            "object_id": "be22a133-4518-4768-9322-c8af998e52df",
            "subscription_id": "d0ce61fb-0b7a-4f0d-9ea2-b1ae691749e0",
            "tenant_id": "79e549ba-3a0a-4e0e-b561-ef8f92990834",
            "timeouts": null
          },
          "sensitive_attributes": []
        }
      ]
    },
    {
      "mode": "data",
      "type": "azurerm_virtual_network",
      "name": "adds",
      "provider": "provider[\"registry.terraform.io/hashicorp/azurerm\"]",
      "instances": [
        {
          "schema_version": 0,
          "attributes": {
            "address_space": [
              "10.4.0.0/16",
              "172.29.118.0/24"
            ],
            "dns_servers": [
              "10.4.0.4"
            ],
            "guid": "8f2d3803-b8e7-42ca-ace5-f698c59769e2",
            "id": "/subscriptions/d0ce61fb-0b7a-4f0d-9ea2-b1ae691749e0/resourceGroups/USDC-Migration/providers/Microsoft.Network/virtualNetworks/USDC-Migration-VNet",
            "location": "usgovtexas",
            "name": "USDC-Migration-VNet",
            "resource_group_name": "USDC-Migration",
            "subnets": [
              "default",
              "migration-subnet",
              "AzureBastionSubnet"
            ],
            "timeouts": null,
            "vnet_peerings": {
              "usdc-peer-uhg": "/subscriptions/d0ce61fb-0b7a-4f0d-9ea2-b1ae691749e0/resourceGroups/uhgato-rg-devopsserver-test/providers/Microsoft.Network/virtualNetworks/uhgato-vnet-test"
            }
          },
          "sensitive_attributes": []
        }
      ]
    },
    {
      "mode": "managed",
      "type": "azurerm_bastion_host",
      "name": "adosvr",
      "provider": "provider[\"registry.terraform.io/hashicorp/azurerm\"]",
      "instances": []
    },
    {
      "mode": "managed",
      "type": "azurerm_key_vault",
      "name": "adosvr",
      "provider": "provider[\"registry.terraform.io/hashicorp/azurerm\"]",
      "instances": [
        {
          "schema_version": 2,
          "attributes": {
            "access_policy": [
              {
                "application_id": "",
                "certificate_permissions": null,
                "key_permissions": null,
                "object_id": "1ee074bc-e74e-46ea-a572-127e4f437e72",
                "secret_permissions": [
                  "Get"
                ],
                "storage_permissions": null,
                "tenant_id": "79e549ba-3a0a-4e0e-b561-ef8f92990834"
              },
              {
                "application_id": "",
                "certificate_permissions": null,
                "key_permissions": null,
                "object_id": "be22a133-4518-4768-9322-c8af998e52df",
                "secret_permissions": [
                  "Set",
                  "Get",
                  "Delete",
                  "Purge",
                  "Recover"
                ],
                "storage_permissions": null,
                "tenant_id": "79e549ba-3a0a-4e0e-b561-ef8f92990834"
              }
            ],
            "contact": [],
            "enable_rbac_authorization": false,
            "enabled_for_deployment": false,
            "enabled_for_disk_encryption": true,
            "enabled_for_template_deployment": false,
            "id": "/subscriptions/d0ce61fb-0b7a-4f0d-9ea2-b1ae691749e0/resourceGroups/rg-adosvr/providers/Microsoft.KeyVault/vaults/kv-adosvr",
            "location": "usgovtexas",
            "name": "kv-adosvr",
            "network_acls": [
              {
                "bypass": "AzureServices",
                "default_action": "Allow",
                "ip_rules": [],
                "virtual_network_subnet_ids": []
              }
            ],
            "purge_protection_enabled": false,
            "resource_group_name": "rg-adosvr",
            "sku_name": "standard",
            "soft_delete_enabled": true,
            "soft_delete_retention_days": 7,
            "tags": {
              "Alias": "Walton Chiang",
              "Tag": "Value"
            },
            "tenant_id": "79e549ba-3a0a-4e0e-b561-ef8f92990834",
            "timeouts": null,
            "vault_uri": "https://kv-adosvr.vault.usgovcloudapi.net/"
          },
          "sensitive_attributes": [],
          "private": "eyJlMmJmYjczMC1lY2FhLTExZTYtOGY4OC0zNDM2M2JjN2M0YzAiOnsiY3JlYXRlIjoxODAwMDAwMDAwMDAwLCJkZWxldGUiOjE4MDAwMDAwMDAwMDAsInJlYWQiOjMwMDAwMDAwMDAwMCwidXBkYXRlIjoxODAwMDAwMDAwMDAwfSwic2NoZW1hX3ZlcnNpb24iOiIyIn0=",
          "dependencies": [
            "azurerm_resource_group.rg",
            "azurerm_user_assigned_identity.adosvr",
            "data.azurerm_client_config.current"
          ]
        }
      ]
    },
    {
      "mode": "managed",
      "type": "azurerm_key_vault_secret",
      "name": "adosvr",
      "provider": "provider[\"registry.terraform.io/hashicorp/azurerm\"]",
      "instances": [
        {
          "schema_version": 0,
          "attributes": {
            "content_type": "",
            "expiration_date": null,
            "id": "https://kv-adosvr.vault.usgovcloudapi.net/secrets/AzDevOpsSqlPass/9146a95cf95b49d599c693f83be2426c",
            "key_vault_id": "/subscriptions/d0ce61fb-0b7a-4f0d-9ea2-b1ae691749e0/resourceGroups/rg-adosvr/providers/Microsoft.KeyVault/vaults/kv-adosvr",
            "name": "AzDevOpsSqlPass",
            "not_before_date": null,
            "tags": {
              "Alias": "Walton Chiang"
            },
            "timeouts": null,
            "value": "T\u003eTLnrQB2eimAw2a",
            "version": "9146a95cf95b49d599c693f83be2426c",
            "versionless_id": "https://kv-adosvr.vault.usgovcloudapi.net/secrets/AzDevOpsSqlPass"
          },
          "sensitive_attributes": [
            [
              {
                "type": "get_attr",
                "value": "value"
              }
            ]
          ],
          "private": "eyJlMmJmYjczMC1lY2FhLTExZTYtOGY4OC0zNDM2M2JjN2M0YzAiOnsiY3JlYXRlIjoxODAwMDAwMDAwMDAwLCJkZWxldGUiOjE4MDAwMDAwMDAwMDAsInJlYWQiOjMwMDAwMDAwMDAwMCwidXBkYXRlIjoxODAwMDAwMDAwMDAwfX0=",
          "dependencies": [
            "azurerm_key_vault.adosvr",
            "azurerm_resource_group.rg",
            "azurerm_user_assigned_identity.adosvr",
            "data.azurerm_client_config.current",
            "random_password.password"
          ]
        }
      ]
    },
    {
      "mode": "managed",
      "type": "azurerm_network_interface",
      "name": "vm-image",
      "provider": "provider[\"registry.terraform.io/hashicorp/azurerm\"]",
      "instances": [
        {
          "schema_version": 0,
          "attributes": {
            "applied_dns_servers": [],
            "dns_servers": [],
            "enable_accelerated_networking": false,
            "enable_ip_forwarding": false,
            "id": "/subscriptions/d0ce61fb-0b7a-4f0d-9ea2-b1ae691749e0/resourceGroups/rg-adosvr/providers/Microsoft.Network/networkInterfaces/vm-image-nic",
            "internal_dns_name_label": "",
            "internal_domain_name_suffix": "euwixsjjoowejfb14bryxkockc.snx.internal.usgovcloudapp.net",
            "ip_configuration": [
              {
                "gateway_load_balancer_frontend_ip_configuration_id": "",
                "name": "internal",
                "primary": true,
                "private_ip_address": "10.1.1.4",
                "private_ip_address_allocation": "Dynamic",
                "private_ip_address_version": "IPv4",
                "public_ip_address_id": "/subscriptions/d0ce61fb-0b7a-4f0d-9ea2-b1ae691749e0/resourceGroups/rg-adosvr/providers/Microsoft.Network/publicIPAddresses/pip-vm-image",
                "subnet_id": "/subscriptions/d0ce61fb-0b7a-4f0d-9ea2-b1ae691749e0/resourceGroups/rg-adosvr/providers/Microsoft.Network/virtualNetworks/vnet-adosvr/subnets/subnet-1"
              }
            ],
            "location": "usgovtexas",
            "mac_address": "",
            "name": "vm-image-nic",
            "private_ip_address": "10.1.1.4",
            "private_ip_addresses": [
              "10.1.1.4"
            ],
            "resource_group_name": "rg-adosvr",
            "tags": {
              "Alias": "Walton Chiang",
              "Tag": "Value"
            },
            "timeouts": null,
            "virtual_machine_id": ""
          },
          "sensitive_attributes": [],
          "private": "eyJlMmJmYjczMC1lY2FhLTExZTYtOGY4OC0zNDM2M2JjN2M0YzAiOnsiY3JlYXRlIjoxODAwMDAwMDAwMDAwLCJkZWxldGUiOjE4MDAwMDAwMDAwMDAsInJlYWQiOjMwMDAwMDAwMDAwMCwidXBkYXRlIjoxODAwMDAwMDAwMDAwfX0=",
          "dependencies": [
            "azurerm_public_ip.vm-image",
            "azurerm_resource_group.rg",
            "azurerm_subnet.adosvr",
            "azurerm_virtual_network.adosvr"
          ]
        }
      ]
    },
    {
      "mode": "managed",
      "type": "azurerm_network_security_group",
      "name": "adosvr",
      "provider": "provider[\"registry.terraform.io/hashicorp/azurerm\"]",
      "instances": [
        {
          "schema_version": 0,
          "attributes": {
            "id": "/subscriptions/d0ce61fb-0b7a-4f0d-9ea2-b1ae691749e0/resourceGroups/rg-adosvr/providers/Microsoft.Network/networkSecurityGroups/nsg-adosvr",
            "location": "usgovtexas",
            "name": "nsg-adosvr",
            "resource_group_name": "rg-adosvr",
            "security_rule": [
              {
                "access": "Allow",
                "description": "",
                "destination_address_prefix": "*",
                "destination_address_prefixes": [],
                "destination_application_security_group_ids": [],
                "destination_port_range": "3389",
                "destination_port_ranges": [],
                "direction": "Inbound",
                "name": "RDP",
                "priority": 110,
                "protocol": "Tcp",
                "source_address_prefix": "*",
                "source_address_prefixes": [],
                "source_application_security_group_ids": [],
                "source_port_range": "*",
                "source_port_ranges": []
              }
            ],
            "tags": {
              "Alias": "Walton Chiang",
              "Tag": "Value"
            },
            "timeouts": null
          },
          "sensitive_attributes": [],
          "private": "eyJlMmJmYjczMC1lY2FhLTExZTYtOGY4OC0zNDM2M2JjN2M0YzAiOnsiY3JlYXRlIjoxODAwMDAwMDAwMDAwLCJkZWxldGUiOjE4MDAwMDAwMDAwMDAsInJlYWQiOjMwMDAwMDAwMDAwMCwidXBkYXRlIjoxODAwMDAwMDAwMDAwfX0=",
          "dependencies": [
            "azurerm_resource_group.rg"
          ]
        }
      ]
    },
    {
      "mode": "managed",
      "type": "azurerm_public_ip",
      "name": "vm-image",
      "provider": "provider[\"registry.terraform.io/hashicorp/azurerm\"]",
      "instances": [
        {
          "schema_version": 0,
          "attributes": {
            "allocation_method": "Dynamic",
            "availability_zone": "No-Zone",
            "domain_name_label": null,
            "fqdn": null,
            "id": "/subscriptions/d0ce61fb-0b7a-4f0d-9ea2-b1ae691749e0/resourceGroups/rg-adosvr/providers/Microsoft.Network/publicIPAddresses/pip-vm-image",
            "idle_timeout_in_minutes": 30,
            "ip_address": "",
            "ip_tags": null,
            "ip_version": "IPv4",
            "location": "usgovtexas",
            "name": "pip-vm-image",
            "public_ip_prefix_id": null,
            "resource_group_name": "rg-adosvr",
            "reverse_fqdn": null,
            "sku": "Basic",
            "sku_tier": "Regional",
            "tags": {
              "Alias": "Walton Chiang",
              "Tag": "Value"
            },
            "timeouts": null,
            "zones": []
          },
          "sensitive_attributes": [],
          "private": "eyJlMmJmYjczMC1lY2FhLTExZTYtOGY4OC0zNDM2M2JjN2M0YzAiOnsiY3JlYXRlIjoxODAwMDAwMDAwMDAwLCJkZWxldGUiOjE4MDAwMDAwMDAwMDAsInJlYWQiOjMwMDAwMDAwMDAwMCwidXBkYXRlIjoxODAwMDAwMDAwMDAwfX0=",
          "dependencies": [
            "azurerm_resource_group.rg"
          ]
        }
      ]
    },
    {
      "mode": "managed",
      "type": "azurerm_resource_group",
      "name": "rg",
      "provider": "provider[\"registry.terraform.io/hashicorp/azurerm\"]",
      "instances": [
        {
          "schema_version": 0,
          "attributes": {
            "id": "/subscriptions/d0ce61fb-0b7a-4f0d-9ea2-b1ae691749e0/resourceGroups/rg-adosvr",
            "location": "usgovtexas",
            "name": "rg-adosvr",
            "tags": {
              "Alias": "Walton Chiang"
            },
            "timeouts": null
          },
          "sensitive_attributes": [],
          "private": "eyJlMmJmYjczMC1lY2FhLTExZTYtOGY4OC0zNDM2M2JjN2M0YzAiOnsiY3JlYXRlIjo1NDAwMDAwMDAwMDAwLCJkZWxldGUiOjU0MDAwMDAwMDAwMDAsInJlYWQiOjMwMDAwMDAwMDAwMCwidXBkYXRlIjo1NDAwMDAwMDAwMDAwfX0="
        }
      ]
    },
    {
      "mode": "managed",
      "type": "azurerm_role_assignment",
      "name": "adosvr",
      "provider": "provider[\"registry.terraform.io/hashicorp/azurerm\"]",
      "instances": [
        {
          "schema_version": 0,
          "attributes": {
            "condition": "",
            "condition_version": "",
            "delegated_managed_identity_resource_id": "",
            "description": "",
            "id": "/subscriptions/d0ce61fb-0b7a-4f0d-9ea2-b1ae691749e0/resourceGroups/rg-adosvr/providers/Microsoft.Sql/servers/sql-adosvr/providers/Microsoft.Authorization/roleAssignments/f073707c-9d10-6def-0fb3-a1bbebf90a9c",
            "name": "f073707c-9d10-6def-0fb3-a1bbebf90a9c",
            "principal_id": "1eef257b-8452-46cb-b42b-bbd7370f2677",
            "principal_type": "ServicePrincipal",
            "role_definition_id": "/subscriptions/d0ce61fb-0b7a-4f0d-9ea2-b1ae691749e0/providers/Microsoft.Authorization/roleDefinitions/8e3af657-a8ff-443c-a75c-2fe8c4bcb635",
            "role_definition_name": "Owner",
            "scope": "/subscriptions/d0ce61fb-0b7a-4f0d-9ea2-b1ae691749e0/resourceGroups/rg-adosvr/providers/Microsoft.Sql/servers/sql-adosvr",
            "skip_service_principal_aad_check": null,
            "timeouts": null
          },
          "sensitive_attributes": [],
          "private": "eyJlMmJmYjczMC1lY2FhLTExZTYtOGY4OC0zNDM2M2JjN2M0YzAiOnsiY3JlYXRlIjoxODAwMDAwMDAwMDAwLCJkZWxldGUiOjE4MDAwMDAwMDAwMDAsInJlYWQiOjMwMDAwMDAwMDAwMCwidXBkYXRlIjoxODAwMDAwMDAwMDAwfX0=",
          "dependencies": [
            "azurerm_key_vault.adosvr",
            "azurerm_key_vault_secret.adosvr",
            "azurerm_network_interface.vm-image",
            "azurerm_public_ip.vm-image",
            "azurerm_resource_group.rg",
            "azurerm_sql_server.adosvr",
            "azurerm_subnet.adosvr",
            "azurerm_user_assigned_identity.adosvr",
            "azurerm_virtual_network.adosvr",
            "azurerm_windows_virtual_machine.imagevm",
            "data.azurerm_client_config.current",
            "random_password.password"
          ]
        }
      ]
    },
    {
      "mode": "managed",
      "type": "azurerm_sql_active_directory_administrator",
      "name": "adosvr",
      "provider": "provider[\"registry.terraform.io/hashicorp/azurerm\"]",
      "instances": [
        {
          "schema_version": 0,
          "attributes": {
            "azuread_authentication_only": false,
            "id": "/subscriptions/d0ce61fb-0b7a-4f0d-9ea2-b1ae691749e0/resourceGroups/rg-adosvr/providers/Microsoft.SQL/servers/sql-adosvr/administrators/ActiveDirectory",
            "login": "admin",
            "object_id": "ad9d33c7-565b-4ed4-a2ce-62faa32716ae",
            "resource_group_name": "rg-adosvr",
            "server_name": "sql-adosvr",
            "tenant_id": "79e549ba-3a0a-4e0e-b561-ef8f92990834",
            "timeouts": null
          },
          "sensitive_attributes": [],
          "private": "eyJlMmJmYjczMC1lY2FhLTExZTYtOGY4OC0zNDM2M2JjN2M0YzAiOnsiY3JlYXRlIjoxODAwMDAwMDAwMDAwLCJkZWxldGUiOjE4MDAwMDAwMDAwMDAsInJlYWQiOjMwMDAwMDAwMDAwMCwidXBkYXRlIjoxODAwMDAwMDAwMDAwfX0=",
          "dependencies": [
            "azurerm_key_vault.adosvr",
            "azurerm_key_vault_secret.adosvr",
            "azurerm_resource_group.rg",
            "azurerm_sql_server.adosvr",
            "azurerm_user_assigned_identity.adosvr",
            "data.azurerm_client_config.current",
            "random_password.password"
          ]
        }
      ]
    },
    {
      "mode": "managed",
      "type": "azurerm_sql_database",
      "name": "adosvr01",
      "provider": "provider[\"registry.terraform.io/hashicorp/azurerm\"]",
      "instances": [
        {
          "schema_version": 0,
          "attributes": {
            "collation": "SQL_Latin1_General_CP1_CI_AS",
            "create_mode": "Default",
            "creation_date": "2022-02-23T21:47:04.22Z",
            "default_secondary_location": "USGov Arizona",
            "edition": "GeneralPurpose",
            "elastic_pool_name": "",
            "encryption": "",
            "extended_auditing_policy": [
              {
                "log_monitoring_enabled": true,
                "retention_in_days": 6,
                "storage_account_access_key": "M4SsOqLE9pGbyTrUfXmSOZMV3gCi4J7EgvYAyudpqELt0lB8P32DjcuMaLvCHARIJirs8IlndoL48BYhqfjs6Q==",
                "storage_account_access_key_is_secondary": true,
                "storage_endpoint": "https://saadosvr9483.blob.core.usgovcloudapi.net/"
              }
            ],
            "id": "/subscriptions/d0ce61fb-0b7a-4f0d-9ea2-b1ae691749e0/resourceGroups/rg-adosvr/providers/Microsoft.Sql/servers/sql-adosvr/databases/AzureDevOps_Configuration",
            "import": [],
            "location": "usgovtexas",
            "max_size_bytes": "34359738368",
            "max_size_gb": null,
            "name": "AzureDevOps_Configuration",
            "read_scale": false,
            "requested_service_objective_id": "f21733ad-9b9b-4d4e-a4fa-94a133c41718",
            "requested_service_objective_name": "GP_Gen5_2",
            "resource_group_name": "rg-adosvr",
            "restore_point_in_time": null,
            "server_name": "sql-adosvr",
            "source_database_deletion_date": null,
            "source_database_id": null,
            "tags": {
              "Alias": "Walton Chiang",
              "Tag": "Value"
            },
            "threat_detection_policy": [
              {
                "disabled_alerts": [],
                "email_account_admins": "Disabled",
                "email_addresses": [],
                "retention_days": 0,
                "state": "Disabled",
                "storage_account_access_key": "",
                "storage_endpoint": "",
                "use_server_default": "Disabled"
              }
            ],
            "timeouts": null,
            "zone_redundant": false
          },
          "sensitive_attributes": [
            [
              {
                "type": "get_attr",
                "value": "extended_auditing_policy"
              },
              {
                "type": "index",
                "value": {
                  "value": 0,
                  "type": "number"
                }
              },
              {
                "type": "get_attr",
                "value": "storage_account_access_key"
              }
            ]
          ],
          "private": "eyJlMmJmYjczMC1lY2FhLTExZTYtOGY4OC0zNDM2M2JjN2M0YzAiOnsiY3JlYXRlIjozNjAwMDAwMDAwMDAwLCJkZWxldGUiOjM2MDAwMDAwMDAwMDAsInJlYWQiOjMwMDAwMDAwMDAwMCwidXBkYXRlIjozNjAwMDAwMDAwMDAwfX0=",
          "dependencies": [
            "azurerm_key_vault.adosvr",
            "azurerm_key_vault_secret.adosvr",
            "azurerm_resource_group.rg",
            "azurerm_sql_server.adosvr",
            "azurerm_storage_account.adosvr",
            "azurerm_user_assigned_identity.adosvr",
            "data.azurerm_client_config.current",
            "random_password.password"
          ]
        }
      ]
    },
    {
      "mode": "managed",
      "type": "azurerm_sql_database",
      "name": "adosvr02",
      "provider": "provider[\"registry.terraform.io/hashicorp/azurerm\"]",
      "instances": [
        {
          "schema_version": 0,
          "attributes": {
            "collation": "SQL_Latin1_General_CP1_CI_AS",
            "create_mode": "Default",
            "creation_date": "2022-02-23T21:47:11.86Z",
            "default_secondary_location": "USGov Arizona",
            "edition": "GeneralPurpose",
            "elastic_pool_name": "",
            "encryption": "",
            "extended_auditing_policy": [
              {
                "log_monitoring_enabled": true,
                "retention_in_days": 6,
                "storage_account_access_key": "M4SsOqLE9pGbyTrUfXmSOZMV3gCi4J7EgvYAyudpqELt0lB8P32DjcuMaLvCHARIJirs8IlndoL48BYhqfjs6Q==",
                "storage_account_access_key_is_secondary": true,
                "storage_endpoint": "https://saadosvr9483.blob.core.usgovcloudapi.net/"
              }
            ],
            "id": "/subscriptions/d0ce61fb-0b7a-4f0d-9ea2-b1ae691749e0/resourceGroups/rg-adosvr/providers/Microsoft.Sql/servers/sql-adosvr/databases/AzureDevOps_DefaultCollection",
            "import": [],
            "location": "usgovtexas",
            "max_size_bytes": "34359738368",
            "max_size_gb": null,
            "name": "AzureDevOps_DefaultCollection",
            "read_scale": false,
            "requested_service_objective_id": "f21733ad-9b9b-4d4e-a4fa-94a133c41718",
            "requested_service_objective_name": "GP_Gen5_2",
            "resource_group_name": "rg-adosvr",
            "restore_point_in_time": null,
            "server_name": "sql-adosvr",
            "source_database_deletion_date": null,
            "source_database_id": null,
            "tags": {
              "Alias": "Walton Chiang",
              "Tag": "Value"
            },
            "threat_detection_policy": [
              {
                "disabled_alerts": [],
                "email_account_admins": "Disabled",
                "email_addresses": [],
                "retention_days": 0,
                "state": "Disabled",
                "storage_account_access_key": "",
                "storage_endpoint": "",
                "use_server_default": "Disabled"
              }
            ],
            "timeouts": null,
            "zone_redundant": false
          },
          "sensitive_attributes": [
            [
              {
                "type": "get_attr",
                "value": "extended_auditing_policy"
              },
              {
                "type": "index",
                "value": {
                  "value": 0,
                  "type": "number"
                }
              },
              {
                "type": "get_attr",
                "value": "storage_account_access_key"
              }
            ]
          ],
          "private": "eyJlMmJmYjczMC1lY2FhLTExZTYtOGY4OC0zNDM2M2JjN2M0YzAiOnsiY3JlYXRlIjozNjAwMDAwMDAwMDAwLCJkZWxldGUiOjM2MDAwMDAwMDAwMDAsInJlYWQiOjMwMDAwMDAwMDAwMCwidXBkYXRlIjozNjAwMDAwMDAwMDAwfX0=",
          "dependencies": [
            "azurerm_key_vault.adosvr",
            "azurerm_key_vault_secret.adosvr",
            "azurerm_resource_group.rg",
            "azurerm_sql_server.adosvr",
            "azurerm_storage_account.adosvr",
            "azurerm_user_assigned_identity.adosvr",
            "data.azurerm_client_config.current",
            "random_password.password"
          ]
        }
      ]
    },
    {
      "mode": "managed",
      "type": "azurerm_sql_firewall_rule",
      "name": "adosvr",
      "provider": "provider[\"registry.terraform.io/hashicorp/azurerm\"]",
      "instances": [
        {
          "schema_version": 0,
          "attributes": {
            "end_ip_address": "0.0.0.0",
            "id": "/subscriptions/d0ce61fb-0b7a-4f0d-9ea2-b1ae691749e0/resourceGroups/rg-adosvr/providers/Microsoft.Sql/servers/sql-adosvr/firewallRules/FirewallRule1",
            "name": "FirewallRule1",
            "resource_group_name": "rg-adosvr",
            "server_name": "sql-adosvr",
            "start_ip_address": "0.0.0.0",
            "timeouts": null
          },
          "sensitive_attributes": [],
          "private": "eyJlMmJmYjczMC1lY2FhLTExZTYtOGY4OC0zNDM2M2JjN2M0YzAiOnsiY3JlYXRlIjoxODAwMDAwMDAwMDAwLCJkZWxldGUiOjE4MDAwMDAwMDAwMDAsInJlYWQiOjMwMDAwMDAwMDAwMCwidXBkYXRlIjoxODAwMDAwMDAwMDAwfX0=",
          "dependencies": [
            "azurerm_key_vault.adosvr",
            "azurerm_key_vault_secret.adosvr",
            "azurerm_resource_group.rg",
            "azurerm_sql_server.adosvr",
            "azurerm_user_assigned_identity.adosvr",
            "data.azurerm_client_config.current",
            "random_password.password"
          ]
        }
      ]
    },
    {
      "mode": "managed",
      "type": "azurerm_sql_server",
      "name": "adosvr",
      "provider": "provider[\"registry.terraform.io/hashicorp/azurerm\"]",
      "instances": [
        {
          "schema_version": 0,
          "attributes": {
            "administrator_login": "adosqladmin",
            "administrator_login_password": "T\u003eTLnrQB2eimAw2a",
            "connection_policy": "Default",
            "extended_auditing_policy": [],
            "fully_qualified_domain_name": "sql-adosvr.database.usgovcloudapi.net",
            "id": "/subscriptions/d0ce61fb-0b7a-4f0d-9ea2-b1ae691749e0/resourceGroups/rg-adosvr/providers/Microsoft.Sql/servers/sql-adosvr",
            "identity": [],
            "location": "usgovtexas",
            "name": "sql-adosvr",
            "resource_group_name": "rg-adosvr",
            "tags": {
              "Alias": "Walton Chiang",
              "Tag": "Value"
            },
            "threat_detection_policy": [
              {
                "disabled_alerts": [
                  ""
                ],
                "email_account_admins": false,
                "email_addresses": [
                  ""
                ],
                "retention_days": 0,
                "state": "Disabled",
                "storage_account_access_key": "",
                "storage_endpoint": ""
              }
            ],
            "timeouts": null,
            "version": "12.0"
          },
          "sensitive_attributes": [
            [
              {
                "type": "get_attr",
                "value": "administrator_login_password"
              }
            ]
          ],
          "private": "eyJlMmJmYjczMC1lY2FhLTExZTYtOGY4OC0zNDM2M2JjN2M0YzAiOnsiY3JlYXRlIjozNjAwMDAwMDAwMDAwLCJkZWxldGUiOjM2MDAwMDAwMDAwMDAsInJlYWQiOjMwMDAwMDAwMDAwMCwidXBkYXRlIjozNjAwMDAwMDAwMDAwfX0=",
          "dependencies": [
            "azurerm_key_vault.adosvr",
            "azurerm_key_vault_secret.adosvr",
            "azurerm_resource_group.rg",
            "azurerm_user_assigned_identity.adosvr",
            "data.azurerm_client_config.current",
            "random_password.password"
          ]
        }
      ]
    },
    {
      "mode": "managed",
      "type": "azurerm_sql_virtual_network_rule",
      "name": "adosvr",
      "provider": "provider[\"registry.terraform.io/hashicorp/azurerm\"]",
      "instances": [
        {
          "schema_version": 0,
          "attributes": {
            "id": "/subscriptions/d0ce61fb-0b7a-4f0d-9ea2-b1ae691749e0/resourceGroups/rg-adosvr/providers/Microsoft.Sql/servers/sql-adosvr/virtualNetworkRules/sql-vnet-rule",
            "ignore_missing_vnet_service_endpoint": true,
            "name": "sql-vnet-rule",
            "resource_group_name": "rg-adosvr",
            "server_name": "sql-adosvr",
            "subnet_id": "/subscriptions/d0ce61fb-0b7a-4f0d-9ea2-b1ae691749e0/resourceGroups/rg-adosvr/providers/Microsoft.Network/virtualNetworks/vnet-adosvr/subnets/subnet-1",
            "timeouts": null
          },
          "sensitive_attributes": [],
          "private": "eyJlMmJmYjczMC1lY2FhLTExZTYtOGY4OC0zNDM2M2JjN2M0YzAiOnsiY3JlYXRlIjoxODAwMDAwMDAwMDAwLCJkZWxldGUiOjE4MDAwMDAwMDAwMDAsInJlYWQiOjMwMDAwMDAwMDAwMCwidXBkYXRlIjoxODAwMDAwMDAwMDAwfX0=",
          "dependencies": [
            "azurerm_key_vault.adosvr",
            "azurerm_key_vault_secret.adosvr",
            "azurerm_resource_group.rg",
            "azurerm_sql_server.adosvr",
            "azurerm_subnet.adosvr",
            "azurerm_user_assigned_identity.adosvr",
            "azurerm_virtual_network.adosvr",
            "data.azurerm_client_config.current",
            "random_password.password"
          ]
        }
      ]
    },
    {
      "mode": "managed",
      "type": "azurerm_storage_account",
      "name": "adosvr",
      "provider": "provider[\"registry.terraform.io/hashicorp/azurerm\"]",
      "instances": [
        {
          "schema_version": 2,
          "attributes": {
            "access_tier": "Hot",
            "account_kind": "StorageV2",
            "account_replication_type": "LRS",
            "account_tier": "Standard",
            "allow_blob_public_access": false,
            "azure_files_authentication": [],
            "blob_properties": [
              {
                "change_feed_enabled": false,
                "container_delete_retention_policy": [],
                "cors_rule": [],
                "default_service_version": "",
                "delete_retention_policy": [],
                "last_access_time_enabled": false,
                "versioning_enabled": false
              }
            ],
            "custom_domain": [],
            "customer_managed_key": [],
            "enable_https_traffic_only": true,
            "id": "/subscriptions/d0ce61fb-0b7a-4f0d-9ea2-b1ae691749e0/resourceGroups/rg-adosvr/providers/Microsoft.Storage/storageAccounts/saadosvr9483",
            "identity": [],
            "infrastructure_encryption_enabled": false,
            "is_hns_enabled": false,
            "large_file_share_enabled": null,
            "location": "usgovtexas",
            "min_tls_version": "TLS1_0",
            "name": "saadosvr9483",
            "network_rules": [
              {
                "bypass": [
                  "AzureServices"
                ],
                "default_action": "Allow",
                "ip_rules": [],
                "private_link_access": [],
                "virtual_network_subnet_ids": []
              }
            ],
            "nfsv3_enabled": false,
            "primary_access_key": "M4SsOqLE9pGbyTrUfXmSOZMV3gCi4J7EgvYAyudpqELt0lB8P32DjcuMaLvCHARIJirs8IlndoL48BYhqfjs6Q==",
            "primary_blob_connection_string": "DefaultEndpointsProtocol=https;BlobEndpoint=https://saadosvr9483.blob.core.usgovcloudapi.net/;AccountName=saadosvr9483;AccountKey=M4SsOqLE9pGbyTrUfXmSOZMV3gCi4J7EgvYAyudpqELt0lB8P32DjcuMaLvCHARIJirs8IlndoL48BYhqfjs6Q==",
            "primary_blob_endpoint": "https://saadosvr9483.blob.core.usgovcloudapi.net/",
            "primary_blob_host": "saadosvr9483.blob.core.usgovcloudapi.net",
            "primary_connection_string": "DefaultEndpointsProtocol=https;AccountName=saadosvr9483;AccountKey=M4SsOqLE9pGbyTrUfXmSOZMV3gCi4J7EgvYAyudpqELt0lB8P32DjcuMaLvCHARIJirs8IlndoL48BYhqfjs6Q==;EndpointSuffix=core.usgovcloudapi.net",
            "primary_dfs_endpoint": "https://saadosvr9483.dfs.core.usgovcloudapi.net/",
            "primary_dfs_host": "saadosvr9483.dfs.core.usgovcloudapi.net",
            "primary_file_endpoint": "https://saadosvr9483.file.core.usgovcloudapi.net/",
            "primary_file_host": "saadosvr9483.file.core.usgovcloudapi.net",
            "primary_location": "usgovtexas",
            "primary_queue_endpoint": "https://saadosvr9483.queue.core.usgovcloudapi.net/",
            "primary_queue_host": "saadosvr9483.queue.core.usgovcloudapi.net",
            "primary_table_endpoint": "https://saadosvr9483.table.core.usgovcloudapi.net/",
            "primary_table_host": "saadosvr9483.table.core.usgovcloudapi.net",
            "primary_web_endpoint": "https://saadosvr9483.z5.web.core.usgovcloudapi.net/",
            "primary_web_host": "saadosvr9483.z5.web.core.usgovcloudapi.net",
            "queue_encryption_key_type": "Service",
            "queue_properties": [
              {
                "cors_rule": [],
                "hour_metrics": [
                  {
                    "enabled": true,
                    "include_apis": true,
                    "retention_policy_days": 7,
                    "version": "1.0"
                  }
                ],
                "logging": [
                  {
                    "delete": false,
                    "read": false,
                    "retention_policy_days": 0,
                    "version": "1.0",
                    "write": false
                  }
                ],
                "minute_metrics": [
                  {
                    "enabled": false,
                    "include_apis": false,
                    "retention_policy_days": 0,
                    "version": "1.0"
                  }
                ]
              }
            ],
            "resource_group_name": "rg-adosvr",
            "routing": [],
            "secondary_access_key": "T9iDmjZRFNQ//Rr1D8rMHlEDH1U1G6JlFImqp/r5MyjRKgA/lPf2zKIqnnlYa4RBYRbGOm++z/yeJ8ouf7TTpg==",
            "secondary_blob_connection_string": "",
            "secondary_blob_endpoint": null,
            "secondary_blob_host": null,
            "secondary_connection_string": "DefaultEndpointsProtocol=https;AccountName=saadosvr9483;AccountKey=T9iDmjZRFNQ//Rr1D8rMHlEDH1U1G6JlFImqp/r5MyjRKgA/lPf2zKIqnnlYa4RBYRbGOm++z/yeJ8ouf7TTpg==;EndpointSuffix=core.usgovcloudapi.net",
            "secondary_dfs_endpoint": null,
            "secondary_dfs_host": null,
            "secondary_file_endpoint": null,
            "secondary_file_host": null,
            "secondary_location": "",
            "secondary_queue_endpoint": null,
            "secondary_queue_host": null,
            "secondary_table_endpoint": null,
            "secondary_table_host": null,
            "secondary_web_endpoint": null,
            "secondary_web_host": null,
            "share_properties": [
              {
                "cors_rule": [],
                "retention_policy": [
                  {
                    "days": 7
                  }
                ],
                "smb": []
              }
            ],
            "shared_access_key_enabled": true,
            "static_website": [],
            "table_encryption_key_type": "Service",
            "tags": {
              "Alias": "Walton Chiang",
              "Tag": "Value"
            },
            "timeouts": null
          },
          "sensitive_attributes": [],
          "private": "eyJlMmJmYjczMC1lY2FhLTExZTYtOGY4OC0zNDM2M2JjN2M0YzAiOnsiY3JlYXRlIjozNjAwMDAwMDAwMDAwLCJkZWxldGUiOjM2MDAwMDAwMDAwMDAsInJlYWQiOjMwMDAwMDAwMDAwMCwidXBkYXRlIjozNjAwMDAwMDAwMDAwfSwic2NoZW1hX3ZlcnNpb24iOiIyIn0=",
          "dependencies": [
            "azurerm_resource_group.rg"
          ]
        }
      ]
    },
    {
      "mode": "managed",
      "type": "azurerm_subnet",
      "name": "adobastion",
      "provider": "provider[\"registry.terraform.io/hashicorp/azurerm\"]",
      "instances": [
        {
          "schema_version": 0,
          "attributes": {
            "address_prefix": "10.1.2.0/24",
            "address_prefixes": [
              "10.1.2.0/24"
            ],
            "delegation": [],
            "enforce_private_link_endpoint_network_policies": false,
            "enforce_private_link_service_network_policies": false,
            "id": "/subscriptions/d0ce61fb-0b7a-4f0d-9ea2-b1ae691749e0/resourceGroups/rg-adosvr/providers/Microsoft.Network/virtualNetworks/vnet-adosvr/subnets/AzureBastionSubnet",
            "name": "AzureBastionSubnet",
            "resource_group_name": "rg-adosvr",
            "service_endpoint_policy_ids": null,
            "service_endpoints": [
              "Microsoft.Sql",
              "Microsoft.Storage"
            ],
            "timeouts": null,
            "virtual_network_name": "vnet-adosvr"
          },
          "sensitive_attributes": [],
          "private": "eyJlMmJmYjczMC1lY2FhLTExZTYtOGY4OC0zNDM2M2JjN2M0YzAiOnsiY3JlYXRlIjoxODAwMDAwMDAwMDAwLCJkZWxldGUiOjE4MDAwMDAwMDAwMDAsInJlYWQiOjMwMDAwMDAwMDAwMCwidXBkYXRlIjoxODAwMDAwMDAwMDAwfX0=",
          "dependencies": [
            "azurerm_resource_group.rg",
            "azurerm_virtual_network.adosvr"
          ]
        }
      ]
    },
    {
      "mode": "managed",
      "type": "azurerm_subnet",
      "name": "adosvr",
      "provider": "provider[\"registry.terraform.io/hashicorp/azurerm\"]",
      "instances": [
        {
          "schema_version": 0,
          "attributes": {
            "address_prefix": "10.1.1.0/24",
            "address_prefixes": [
              "10.1.1.0/24"
            ],
            "delegation": [],
            "enforce_private_link_endpoint_network_policies": false,
            "enforce_private_link_service_network_policies": false,
            "id": "/subscriptions/d0ce61fb-0b7a-4f0d-9ea2-b1ae691749e0/resourceGroups/rg-adosvr/providers/Microsoft.Network/virtualNetworks/vnet-adosvr/subnets/subnet-1",
            "name": "subnet-1",
            "resource_group_name": "rg-adosvr",
            "service_endpoint_policy_ids": null,
            "service_endpoints": [
              "Microsoft.Sql",
              "Microsoft.Storage"
            ],
            "timeouts": null,
            "virtual_network_name": "vnet-adosvr"
          },
          "sensitive_attributes": [],
          "private": "eyJlMmJmYjczMC1lY2FhLTExZTYtOGY4OC0zNDM2M2JjN2M0YzAiOnsiY3JlYXRlIjoxODAwMDAwMDAwMDAwLCJkZWxldGUiOjE4MDAwMDAwMDAwMDAsInJlYWQiOjMwMDAwMDAwMDAwMCwidXBkYXRlIjoxODAwMDAwMDAwMDAwfX0=",
          "dependencies": [
            "azurerm_resource_group.rg",
            "azurerm_virtual_network.adosvr"
          ]
        }
      ]
    },
    {
      "mode": "managed",
      "type": "azurerm_user_assigned_identity",
      "name": "adosvr",
      "provider": "provider[\"registry.terraform.io/hashicorp/azurerm\"]",
      "instances": [
        {
          "schema_version": 1,
          "attributes": {
            "client_id": "35ec6f32-7d71-426e-a9cd-6d032cb9b927",
            "id": "/subscriptions/d0ce61fb-0b7a-4f0d-9ea2-b1ae691749e0/resourceGroups/rg-adosvr/providers/Microsoft.ManagedIdentity/userAssignedIdentities/id-adosvr",
            "location": "usgovtexas",
            "name": "id-adosvr",
            "principal_id": "1ee074bc-e74e-46ea-a572-127e4f437e72",
            "resource_group_name": "rg-adosvr",
            "tags": {
              "Alias": "Walton Chiang",
              "Tag": "Value"
            },
            "tenant_id": "79e549ba-3a0a-4e0e-b561-ef8f92990834",
            "timeouts": null
          },
          "sensitive_attributes": [],
          "private": "eyJlMmJmYjczMC1lY2FhLTExZTYtOGY4OC0zNDM2M2JjN2M0YzAiOnsiY3JlYXRlIjoxODAwMDAwMDAwMDAwLCJkZWxldGUiOjE4MDAwMDAwMDAwMDAsInJlYWQiOjMwMDAwMDAwMDAwMCwidXBkYXRlIjoxODAwMDAwMDAwMDAwfSwic2NoZW1hX3ZlcnNpb24iOiIxIn0=",
          "dependencies": [
            "azurerm_resource_group.rg"
          ]
        }
      ]
    },
    {
      "mode": "managed",
      "type": "azurerm_virtual_network",
      "name": "adosvr",
      "provider": "provider[\"registry.terraform.io/hashicorp/azurerm\"]",
      "instances": [
        {
          "schema_version": 0,
          "attributes": {
            "address_space": [
              "10.1.0.0/16"
            ],
            "bgp_community": "",
            "ddos_protection_plan": [],
            "dns_servers": [
              "10.4.0.6"
            ],
            "flow_timeout_in_minutes": 0,
            "guid": "c98b2c25-7329-44ac-943b-f0638ba9c252",
            "id": "/subscriptions/d0ce61fb-0b7a-4f0d-9ea2-b1ae691749e0/resourceGroups/rg-adosvr/providers/Microsoft.Network/virtualNetworks/vnet-adosvr",
            "location": "usgovtexas",
            "name": "vnet-adosvr",
            "resource_group_name": "rg-adosvr",
            "subnet": [],
            "tags": {
              "Alias": "Walton Chiang",
              "Tag": "Value"
            },
            "timeouts": null,
            "vm_protection_enabled": false
          },
          "sensitive_attributes": [],
          "private": "eyJlMmJmYjczMC1lY2FhLTExZTYtOGY4OC0zNDM2M2JjN2M0YzAiOnsiY3JlYXRlIjoxODAwMDAwMDAwMDAwLCJkZWxldGUiOjE4MDAwMDAwMDAwMDAsInJlYWQiOjMwMDAwMDAwMDAwMCwidXBkYXRlIjoxODAwMDAwMDAwMDAwfX0=",
          "dependencies": [
            "azurerm_resource_group.rg"
          ]
        }
      ]
    },
    {
      "mode": "managed",
      "type": "azurerm_virtual_network_peering",
      "name": "peer-1",
      "provider": "provider[\"registry.terraform.io/hashicorp/azurerm\"]",
      "instances": [
        {
          "schema_version": 0,
          "attributes": {
            "allow_forwarded_traffic": false,
            "allow_gateway_transit": false,
            "allow_virtual_network_access": true,
            "id": "/subscriptions/d0ce61fb-0b7a-4f0d-9ea2-b1ae691749e0/resourceGroups/rg-adosvr/providers/Microsoft.Network/virtualNetworks/vnet-adosvr/virtualNetworkPeerings/svr-to-adds",
            "name": "svr-to-adds",
            "remote_virtual_network_id": "/subscriptions/d0ce61fb-0b7a-4f0d-9ea2-b1ae691749e0/resourceGroups/USDC-Migration/providers/Microsoft.Network/virtualNetworks/USDC-Migration-VNet",
            "resource_group_name": "rg-adosvr",
            "timeouts": null,
            "use_remote_gateways": false,
            "virtual_network_name": "vnet-adosvr"
          },
          "sensitive_attributes": [],
          "private": "eyJlMmJmYjczMC1lY2FhLTExZTYtOGY4OC0zNDM2M2JjN2M0YzAiOnsiY3JlYXRlIjoxODAwMDAwMDAwMDAwLCJkZWxldGUiOjE4MDAwMDAwMDAwMDAsInJlYWQiOjMwMDAwMDAwMDAwMCwidXBkYXRlIjoxODAwMDAwMDAwMDAwfX0=",
          "dependencies": [
            "azurerm_resource_group.rg",
            "azurerm_virtual_network.adosvr",
            "data.azurerm_virtual_network.adds"
          ]
        }
      ]
    },
    {
      "mode": "managed",
      "type": "azurerm_virtual_network_peering",
      "name": "peer-2",
      "provider": "provider[\"registry.terraform.io/hashicorp/azurerm\"]",
      "instances": [
        {
          "schema_version": 0,
          "attributes": {
            "allow_forwarded_traffic": false,
            "allow_gateway_transit": false,
            "allow_virtual_network_access": true,
            "id": "/subscriptions/d0ce61fb-0b7a-4f0d-9ea2-b1ae691749e0/resourceGroups/USDC-Migration/providers/Microsoft.Network/virtualNetworks/USDC-Migration-VNet/virtualNetworkPeerings/adds-to-svr",
            "name": "adds-to-svr",
            "remote_virtual_network_id": "/subscriptions/d0ce61fb-0b7a-4f0d-9ea2-b1ae691749e0/resourceGroups/rg-adosvr/providers/Microsoft.Network/virtualNetworks/vnet-adosvr",
            "resource_group_name": "USDC-Migration",
            "timeouts": null,
            "use_remote_gateways": false,
            "virtual_network_name": "USDC-Migration-VNet"
          },
          "sensitive_attributes": [],
          "private": "eyJlMmJmYjczMC1lY2FhLTExZTYtOGY4OC0zNDM2M2JjN2M0YzAiOnsiY3JlYXRlIjoxODAwMDAwMDAwMDAwLCJkZWxldGUiOjE4MDAwMDAwMDAwMDAsInJlYWQiOjMwMDAwMDAwMDAwMCwidXBkYXRlIjoxODAwMDAwMDAwMDAwfX0=",
          "dependencies": [
            "azurerm_resource_group.rg",
            "azurerm_virtual_network.adosvr",
            "data.azurerm_virtual_network.adds"
          ]
        }
      ]
    },
    {
      "mode": "managed",
      "type": "azurerm_windows_virtual_machine",
      "name": "imagevm",
      "provider": "provider[\"registry.terraform.io/hashicorp/azurerm\"]",
      "instances": [
        {
          "schema_version": 0,
          "attributes": {
            "additional_capabilities": [],
            "additional_unattend_content": [],
            "admin_password": "P@$$w0rd1234!",
            "admin_username": "adminuser",
            "allow_extension_operations": true,
            "availability_set_id": "",
            "boot_diagnostics": [],
            "computer_name": "vm-image",
            "custom_data": null,
            "dedicated_host_group_id": "",
            "dedicated_host_id": "",
            "enable_automatic_updates": true,
            "encryption_at_host_enabled": false,
            "eviction_policy": "",
            "extensions_time_budget": "PT1H30M",
            "hotpatching_enabled": false,
            "id": "/subscriptions/d0ce61fb-0b7a-4f0d-9ea2-b1ae691749e0/resourceGroups/rg-adosvr/providers/Microsoft.Compute/virtualMachines/vm-image",
            "identity": [
              {
                "identity_ids": null,
                "principal_id": "1eef257b-8452-46cb-b42b-bbd7370f2677",
                "tenant_id": "79e549ba-3a0a-4e0e-b561-ef8f92990834",
                "type": "SystemAssigned"
              }
            ],
            "license_type": "",
            "location": "usgovtexas",
            "max_bid_price": -1,
            "name": "vm-image",
            "network_interface_ids": [
              "/subscriptions/d0ce61fb-0b7a-4f0d-9ea2-b1ae691749e0/resourceGroups/rg-adosvr/providers/Microsoft.Network/networkInterfaces/vm-image-nic"
            ],
            "os_disk": [
              {
                "caching": "ReadWrite",
                "diff_disk_settings": [],
                "disk_encryption_set_id": "",
                "disk_size_gb": 127,
                "name": "vm-image_OsDisk_1_5b304838e80c4703a9cf64b26025c118",
                "storage_account_type": "Standard_LRS",
                "write_accelerator_enabled": false
              }
            ],
            "patch_mode": "AutomaticByOS",
            "plan": [],
            "platform_fault_domain": -1,
            "priority": "Regular",
            "private_ip_address": "10.1.1.4",
            "private_ip_addresses": [
              "10.1.1.4"
            ],
            "provision_vm_agent": true,
            "proximity_placement_group_id": "",
            "public_ip_address": "20.141.110.22",
            "public_ip_addresses": [
              "20.141.110.22"
            ],
            "resource_group_name": "rg-adosvr",
            "secret": [],
            "secure_boot_enabled": false,
            "size": "Standard_D4s_v3",
            "source_image_id": "",
            "source_image_reference": [
              {
                "offer": "sql2019-ws2019",
                "publisher": "microsoftsqlserver",
                "sku": "sqldev",
                "version": "latest"
              }
            ],
            "tags": {
              "Alias": "Walton Chiang",
              "Tag": "Value"
            },
            "timeouts": null,
            "timezone": "",
            "user_data": "",
            "virtual_machine_id": "b39c2d2a-ec27-44ae-9820-db20f3734890",
            "virtual_machine_scale_set_id": "",
            "vtpm_enabled": false,
            "winrm_listener": [],
            "zone": ""
          },
          "sensitive_attributes": [],
          "private": "eyJlMmJmYjczMC1lY2FhLTExZTYtOGY4OC0zNDM2M2JjN2M0YzAiOnsiY3JlYXRlIjoyNzAwMDAwMDAwMDAwLCJkZWxldGUiOjI3MDAwMDAwMDAwMDAsInJlYWQiOjMwMDAwMDAwMDAwMCwidXBkYXRlIjoyNzAwMDAwMDAwMDAwfX0=",
          "dependencies": [
            "azurerm_network_interface.vm-image",
            "azurerm_public_ip.vm-image",
            "azurerm_resource_group.rg",
            "azurerm_subnet.adosvr",
            "azurerm_virtual_network.adosvr"
          ]
        }
      ]
    },
    {
      "mode": "managed",
      "type": "random_password",
      "name": "password",
      "provider": "provider[\"registry.terraform.io/hashicorp/random\"]",
      "instances": [
        {
          "schema_version": 0,
          "attributes": {
            "id": "none",
            "keepers": null,
            "length": 16,
            "lower": true,
            "min_lower": 1,
            "min_numeric": 1,
            "min_special": 1,
            "min_upper": 1,
            "number": true,
            "override_special": "()[]{}\u003c\u003e",
            "result": "T\u003eTLnrQB2eimAw2a",
            "special": true,
            "upper": true
          },
          "sensitive_attributes": [],
          "private": "bnVsbA=="
        }
      ]
    }
  ]
}
