{
  "version": 4,
  "terraform_version": "1.4.5",
  "serial": 42,
  "lineage": "bd1878ce-bbed-b3b5-f449-483c56430f64",
  "outputs": {},
  "resources": [
    {
      "mode": "managed",
      "type": "azurerm_resource_group",
      "name": "demo",
      "provider": "provider[\"registry.terraform.io/hashicorp/azurerm\"]",
      "instances": [
        {
          "schema_version": 0,
          "attributes": {
            "id": "/subscriptions/a4bee317-3bb4-458d-83ac-1971ff90bbbd/resourceGroups/rg-demo",
            "location": "eastus",
            "name": "rg-demo",
            "tags": {},
            "timeouts": null
          },
          "sensitive_attributes": [],
          "private": "eyJlMmJmYjczMC1lY2FhLTExZTYtOGY4OC0zNDM2M2JjN2M0YzAiOnsiY3JlYXRlIjo1NDAwMDAwMDAwMDAwLCJkZWxldGUiOjU0MDAwMDAwMDAwMDAsInJlYWQiOjMwMDAwMDAwMDAwMCwidXBkYXRlIjo1NDAwMDAwMDAwMDAwfX0="
        }
      ]
    },
    {
      "mode": "managed",
      "type": "azurerm_virtual_network",
      "name": "demo",
      "provider": "provider[\"registry.terraform.io/hashicorp/azurerm\"]",
      "instances": [
        {
          "schema_version": 0,
          "attributes": {
            "address_space": [
              "10.0.0.0/16"
            ],
            "bgp_community": "",
            "ddos_protection_plan": [],
            "dns_servers": [],
            "edge_zone": "",
            "flow_timeout_in_minutes": 0,
            "guid": "b5fdd27e-4d8d-475c-bfaf-02dea82f5cfe",
            "id": "/subscriptions/a4bee317-3bb4-458d-83ac-1971ff90bbbd/resourceGroups/rg-demo/providers/Microsoft.Network/virtualNetworks/vnet-demo",
            "location": "eastus",
            "name": "vnet-demo",
            "resource_group_name": "rg-demo",
            "subnet": [
              {
                "address_prefix": "10.0.0.0/24",
                "id": "/subscriptions/a4bee317-3bb4-458d-83ac-1971ff90bbbd/resourceGroups/rg-demo/providers/Microsoft.Network/virtualNetworks/vnet-demo/subnets/subnet1",
                "name": "subnet1",
                "security_group": ""
              },
              {
                "address_prefix": "10.0.1.0/24",
                "id": "/subscriptions/a4bee317-3bb4-458d-83ac-1971ff90bbbd/resourceGroups/rg-demo/providers/Microsoft.Network/virtualNetworks/vnet-demo/subnets/subnet2",
                "name": "subnet2",
                "security_group": ""
              }
            ],
            "tags": {},
            "timeouts": null
          },
          "sensitive_attributes": [],
          "private": "eyJlMmJmYjczMC1lY2FhLTExZTYtOGY4OC0zNDM2M2JjN2M0YzAiOnsiY3JlYXRlIjoxODAwMDAwMDAwMDAwLCJkZWxldGUiOjE4MDAwMDAwMDAwMDAsInJlYWQiOjMwMDAwMDAwMDAwMCwidXBkYXRlIjoxODAwMDAwMDAwMDAwfX0=",
          "dependencies": [
            "azurerm_resource_group.demo"
          ]
        }
      ]
    }
  ],
  "check_results": null
}
