{
  "version": 4,
  "terraform_version": "1.4.5",
  "serial": 6,
  "lineage": "4486a76f-f1ab-c569-a0e6-9c44be222847",
  "outputs": {
    "subnet_ids": {
      "value": [
        "/subscriptions/a4bee317-3bb4-458d-83ac-1971ff90bbbd/resourceGroups/rg-demo/providers/Microsoft.Network/virtualNetworks/vnet-conditional/subnets/subnet1",
        "/subscriptions/a4bee317-3bb4-458d-83ac-1971ff90bbbd/resourceGroups/rg-demo/providers/Microsoft.Network/virtualNetworks/vnet-conditional/subnets/subnet2"
      ],
      "type": [
        "tuple",
        [
          "string",
          "string"
        ]
      ]
    }
  },
  "resources": [
    {
      "mode": "data",
      "type": "azurerm_resource_group",
      "name": "demo",
      "provider": "provider[\"registry.terraform.io/hashicorp/azurerm\"]",
      "instances": [
        {
          "schema_version": 0,
          "attributes": {
            "id": "/subscriptions/a4bee317-3bb4-458d-83ac-1971ff90bbbd/resourceGroups/rg-demo",
            "location": "eastus",
            "name": "rg-demo",
            "tags": {},
            "timeouts": null
          },
          "sensitive_attributes": []
        }
      ]
    },
    {
      "mode": "managed",
      "type": "azurerm_subnet",
      "name": "conditional",
      "provider": "provider[\"registry.terraform.io/hashicorp/azurerm\"]",
      "instances": [
        {
          "index_key": "subnet1",
          "schema_version": 0,
          "attributes": {
            "address_prefixes": [
              "10.10.0.0/24"
            ],
            "delegation": [],
            "enforce_private_link_endpoint_network_policies": false,
            "enforce_private_link_service_network_policies": false,
            "id": "/subscriptions/a4bee317-3bb4-458d-83ac-1971ff90bbbd/resourceGroups/rg-demo/providers/Microsoft.Network/virtualNetworks/vnet-conditional/subnets/subnet1",
            "name": "subnet1",
            "private_endpoint_network_policies_enabled": true,
            "private_link_service_network_policies_enabled": true,
            "resource_group_name": "rg-demo",
            "service_endpoint_policy_ids": [],
            "service_endpoints": [],
            "timeouts": null,
            "virtual_network_name": "vnet-conditional"
          },
          "sensitive_attributes": [],
          "private": "eyJlMmJmYjczMC1lY2FhLTExZTYtOGY4OC0zNDM2M2JjN2M0YzAiOnsiY3JlYXRlIjoxODAwMDAwMDAwMDAwLCJkZWxldGUiOjE4MDAwMDAwMDAwMDAsInJlYWQiOjMwMDAwMDAwMDAwMCwidXBkYXRlIjoxODAwMDAwMDAwMDAwfX0=",
          "dependencies": [
            "azurerm_virtual_network.conditional",
            "data.azurerm_resource_group.demo"
          ]
        },
        {
          "index_key": "subnet2",
          "schema_version": 0,
          "attributes": {
            "address_prefixes": [
              "10.10.1.0/24"
            ],
            "delegation": [],
            "enforce_private_link_endpoint_network_policies": false,
            "enforce_private_link_service_network_policies": false,
            "id": "/subscriptions/a4bee317-3bb4-458d-83ac-1971ff90bbbd/resourceGroups/rg-demo/providers/Microsoft.Network/virtualNetworks/vnet-conditional/subnets/subnet2",
            "name": "subnet2",
            "private_endpoint_network_policies_enabled": true,
            "private_link_service_network_policies_enabled": true,
            "resource_group_name": "rg-demo",
            "service_endpoint_policy_ids": [],
            "service_endpoints": [],
            "timeouts": null,
            "virtual_network_name": "vnet-conditional"
          },
          "sensitive_attributes": [],
          "private": "eyJlMmJmYjczMC1lY2FhLTExZTYtOGY4OC0zNDM2M2JjN2M0YzAiOnsiY3JlYXRlIjoxODAwMDAwMDAwMDAwLCJkZWxldGUiOjE4MDAwMDAwMDAwMDAsInJlYWQiOjMwMDAwMDAwMDAwMCwidXBkYXRlIjoxODAwMDAwMDAwMDAwfX0=",
          "dependencies": [
            "azurerm_virtual_network.conditional",
            "data.azurerm_resource_group.demo"
          ]
        }
      ]
    },
    {
      "mode": "managed",
      "type": "azurerm_virtual_network",
      "name": "conditional",
      "provider": "provider[\"registry.terraform.io/hashicorp/azurerm\"]",
      "instances": [
        {
          "schema_version": 0,
          "attributes": {
            "address_space": [
              "10.10.0.0/16"
            ],
            "bgp_community": "",
            "ddos_protection_plan": [],
            "dns_servers": [],
            "edge_zone": "",
            "flow_timeout_in_minutes": 0,
            "guid": "85818f07-4533-4060-baef-9c0f5382afc9",
            "id": "/subscriptions/a4bee317-3bb4-458d-83ac-1971ff90bbbd/resourceGroups/rg-demo/providers/Microsoft.Network/virtualNetworks/vnet-conditional",
            "location": "eastus",
            "name": "vnet-conditional",
            "resource_group_name": "rg-demo",
            "subnet": [
              {
                "address_prefix": "10.10.0.0/24",
                "id": "/subscriptions/a4bee317-3bb4-458d-83ac-1971ff90bbbd/resourceGroups/rg-demo/providers/Microsoft.Network/virtualNetworks/vnet-conditional/subnets/subnet1",
                "name": "subnet1",
                "security_group": ""
              },
              {
                "address_prefix": "10.10.1.0/24",
                "id": "/subscriptions/a4bee317-3bb4-458d-83ac-1971ff90bbbd/resourceGroups/rg-demo/providers/Microsoft.Network/virtualNetworks/vnet-conditional/subnets/subnet2",
                "name": "subnet2",
                "security_group": ""
              }
            ],
            "tags": {},
            "timeouts": null
          },
          "sensitive_attributes": [],
          "private": "eyJlMmJmYjczMC1lY2FhLTExZTYtOGY4OC0zNDM2M2JjN2M0YzAiOnsiY3JlYXRlIjoxODAwMDAwMDAwMDAwLCJkZWxldGUiOjE4MDAwMDAwMDAwMDAsInJlYWQiOjMwMDAwMDAwMDAwMCwidXBkYXRlIjoxODAwMDAwMDAwMDAwfX0=",
          "dependencies": [
            "data.azurerm_resource_group.demo"
          ]
        }
      ]
    }
  ],
  "check_results": null
}
