{
  "version": 4,
  "terraform_version": "1.4.5",
  "serial": 3,
  "lineage": "e21f2ed3-5d9f-00d0-2d13-ad63a45f82ec",
  "outputs": {},
  "resources": [
    {
      "mode": "managed",
      "type": "azurerm_resource_group",
      "name": "demo",
      "provider": "provider[\"registry.terraform.io/hashicorp/azurerm\"]",
      "instances": [
        {
          "schema_version": 0,
          "attributes": {
            "id": "/subscriptions/a4bee317-3bb4-458d-83ac-1971ff90bbbd/resourceGroups/rg-demo",
            "location": "eastus",
            "name": "rg-demo",
            "tags": null,
            "timeouts": null
          },
          "sensitive_attributes": [],
          "private": "eyJlMmJmYjczMC1lY2FhLTExZTYtOGY4OC0zNDM2M2JjN2M0YzAiOnsiY3JlYXRlIjo1NDAwMDAwMDAwMDAwLCJkZWxldGUiOjU0MDAwMDAwMDAwMDAsInJlYWQiOjMwMDAwMDAwMDAwMCwidXBkYXRlIjo1NDAwMDAwMDAwMDAwfX0="
        }
      ]
    },
    {
      "mode": "managed",
      "type": "azurerm_user_assigned_identity",
      "name": "demo",
      "provider": "provider[\"registry.terraform.io/hashicorp/azurerm\"]",
      "instances": [
        {
          "schema_version": 1,
          "attributes": {
            "client_id": "6cde5d83-fd42-4616-a30c-eb975189df43",
            "id": "/subscriptions/a4bee317-3bb4-458d-83ac-1971ff90bbbd/resourceGroups/rg-demo/providers/Microsoft.ManagedIdentity/userAssignedIdentities/id-demo-1",
            "location": "eastus",
            "name": "id-demo-1",
            "principal_id": "77a08ae7-c9d7-4ce8-9fb8-c77bf76bfd8f",
            "resource_group_name": "rg-demo",
            "tags": {
              "environment": "demo"
            },
            "tenant_id": "039970ec-d06f-4f60-8f7c-15aebd1c2d5f",
            "timeouts": null
          },
          "sensitive_attributes": [],
          "private": "eyJlMmJmYjczMC1lY2FhLTExZTYtOGY4OC0zNDM2M2JjN2M0YzAiOnsiY3JlYXRlIjoxODAwMDAwMDAwMDAwLCJkZWxldGUiOjE4MDAwMDAwMDAwMDAsInJlYWQiOjMwMDAwMDAwMDAwMCwidXBkYXRlIjoxODAwMDAwMDAwMDAwfSwic2NoZW1hX3ZlcnNpb24iOiIxIn0=",
          "dependencies": [
            "azurerm_resource_group.demo"
          ]
        }
      ]
    }
  ],
  "check_results": null
}
